// !$*UTF8*$!
{
	archiveVersion = 1;
	classes = {
	};
	objectVersion = 46;
	objects = {

/* Begin PBXBuildFile section */
		D31FE04B1C868D9400901072 /* AppDelegate.swift in Sources */ = {isa = PBXBuildFile; fileRef = D31FE04A1C868D9400901072 /* AppDelegate.swift */; };
		D31FE04D1C868D9400901072 /* ExampleViewController.swift in Sources */ = {isa = PBXBuildFile; fileRef = D31FE04C1C868D9400901072 /* ExampleViewController.swift */; };
		D31FE0501C868D9400901072 /* Main.storyboard in Resources */ = {isa = PBXBuildFile; fileRef = D31FE04E1C868D9400901072 /* Main.storyboard */; };
		D31FE0521C868D9400901072 /* Assets.xcassets in Resources */ = {isa = PBXBuildFile; fileRef = D31FE0511C868D9400901072 /* Assets.xcassets */; };
		D31FE0841C86B8A300901072 /* AMRAudioSwift.framework in Frameworks */ = {isa = PBXBuildFile; fileRef = D31FE0831C86B8A300901072 /* AMRAudioSwift.framework */; };
		D31FE0851C86B8A300901072 /* AMRAudioSwift.framework in Embed Frameworks */ = {isa = PBXBuildFile; fileRef = D31FE0831C86B8A300901072 /* AMRAudioSwift.framework */; settings = {ATTRIBUTES = (CodeSignOnCopy, RemoveHeadersOnCopy, ); }; };
		D3C32B851D6C6147001031FA /* VoiceCell.swift in Sources */ = {isa = PBXBuildFile; fileRef = D3C32B831D6C6147001031FA /* VoiceCell.swift */; };
		D3C32B861D6C6147001031FA /* VoiceCell.xib in Resources */ = {isa = PBXBuildFile; fileRef = D3C32B841D6C6147001031FA /* VoiceCell.xib */; };
/* End PBXBuildFile section */

/* Begin PBXCopyFilesBuildPhase section */
		D31FE0861C86B8A400901072 /* Embed Frameworks */ = {
			isa = PBXCopyFilesBuildPhase;
			buildActionMask = 2147483647;
			dstPath = "";
			dstSubfolderSpec = 10;
			files = (
				D31FE0851C86B8A300901072 /* AMRAudioSwift.framework in Embed Frameworks */,
			);
			name = "Embed Frameworks";
			runOnlyForDeploymentPostprocessing = 0;
		};
/* End PBXCopyFilesBuildPhase section */

/* Begin PBXFileReference section */
		D31FE0471C868D9400901072 /* AMRAudioSwiftExample.app */ = {isa = PBXFileReference; explicitFileType = wrapper.application; includeInIndex = 0; path = AMRAudioSwiftExample.app; sourceTree = BUILT_PRODUCTS_DIR; };
		D31FE04A1C868D9400901072 /* AppDelegate.swift */ = {isa = PBXFileReference; lastKnownFileType = sourcecode.swift; path = AppDelegate.swift; sourceTree = "<group>"; };
		D31FE04C1C868D9400901072 /* ExampleViewController.swift */ = {isa = PBXFileReference; lastKnownFileType = sourcecode.swift; path = ExampleViewController.swift; sourceTree = "<group>"; };
		D31FE04F1C868D9400901072 /* Base */ = {isa = PBXFileReference; lastKnownFileType = file.storyboard; name = Base; path = Base.lproj/Main.storyboard; sourceTree = "<group>"; };
		D31FE0511C868D9400901072 /* Assets.xcassets */ = {isa = PBXFileReference; lastKnownFileType = folder.assetcatalog; path = Assets.xcassets; sourceTree = "<group>"; };
		D31FE0561C868D9400901072 /* Info.plist */ = {isa = PBXFileReference; lastKnownFileType = text.plist.xml; path = Info.plist; sourceTree = "<group>"; };
		D31FE0831C86B8A300901072 /* AMRAudioSwift.framework */ = {isa = PBXFileReference; explicitFileType = wrapper.framework; name = AMRAudioSwift.framework; path = "/Users/hongxin/Library/Developer/Xcode/DerivedData/AMRAudioSwift-cozxnvkhosgrwkdpgijtuuewgike/Build/Products/Debug-iphoneos/AMRAudioSwift.framework"; sourceTree = "<absolute>"; };
		D3C32B831D6C6147001031FA /* VoiceCell.swift */ = {isa = PBXFileReference; fileEncoding = 4; lastKnownFileType = sourcecode.swift; path = VoiceCell.swift; sourceTree = "<group>"; };
		D3C32B841D6C6147001031FA /* VoiceCell.xib */ = {isa = PBXFileReference; fileEncoding = 4; lastKnownFileType = file.xib; path = VoiceCell.xib; sourceTree = "<group>"; };
/* End PBXFileReference section */

/* Begin PBXFrameworksBuildPhase section */
		D31FE0441C868D9400901072 /* Frameworks */ = {
			isa = PBXFrameworksBuildPhase;
			buildActionMask = 2147483647;
			files = (
				D31FE0841C86B8A300901072 /* AMRAudioSwift.framework in Frameworks */,
			);
			runOnlyForDeploymentPostprocessing = 0;
		};
/* End PBXFrameworksBuildPhase section */

/* Begin PBXGroup section */
		D31FE03E1C868D9400901072 = {
			isa = PBXGroup;
			children = (
				D31FE0831C86B8A300901072 /* AMRAudioSwift.framework */,
				D31FE0491C868D9400901072 /* AMRAudioSwiftExample */,
				D31FE0481C868D9400901072 /* Products */,
			);
			sourceTree = "<group>";
		};
		D31FE0481C868D9400901072 /* Products */ = {
			isa = PBXGroup;
			children = (
				D31FE0471C868D9400901072 /* AMRAudioSwiftExample.app */,
			);
			name = Products;
			sourceTree = "<group>";
		};
		D31FE0491C868D9400901072 /* AMRAudioSwiftExample */ = {
			isa = PBXGroup;
			children = (
				D31FE04A1C868D9400901072 /* AppDelegate.swift */,
				D3C32B841D6C6147001031FA /* VoiceCell.xib */,
				D3C32B831D6C6147001031FA /* VoiceCell.swift */,
				D31FE04C1C868D9400901072 /* ExampleViewController.swift */,
				D31FE04E1C868D9400901072 /* Main.storyboard */,
				D31FE0511C868D9400901072 /* Assets.xcassets */,
				D31FE0561C868D9400901072 /* Info.plist */,
			);
			path = AMRAudioSwiftExample;
			sourceTree = "<group>";
		};
/* End PBXGroup section */

/* Begin PBXNativeTarget section */
		D31FE0461C868D9400901072 /* AMRAudioSwiftExample */ = {
			isa = PBXNativeTarget;
			buildConfigurationList = D31FE0591C868D9400901072 /* Build configuration list for PBXNativeTarget "AMRAudioSwiftExample" */;
			buildPhases = (
				D31FE0431C868D9400901072 /* Sources */,
				D31FE0441C868D9400901072 /* Frameworks */,
				D31FE0451C868D9400901072 /* Resources */,
				D31FE0861C86B8A400901072 /* Embed Frameworks */,
			);
			buildRules = (
			);
			dependencies = (
			);
			name = AMRAudioSwiftExample;
			productName = AMRAudioSwift;
			productReference = D31FE0471C868D9400901072 /* AMRAudioSwiftExample.app */;
			productType = "com.apple.product-type.application";
		};
/* End PBXNativeTarget section */

/* Begin PBXProject section */
		D31FE03F1C868D9400901072 /* Project object */ = {
			isa = PBXProject;
			attributes = {
				LastSwiftUpdateCheck = 0720;
				LastUpgradeCheck = 0720;
				ORGANIZATIONNAME = Teambition;
				TargetAttributes = {
					D31FE0461C868D9400901072 = {
						CreatedOnToolsVersion = 7.2.1;
					};
				};
			};
			buildConfigurationList = D31FE0421C868D9400901072 /* Build configuration list for PBXProject "AMRAudioSwiftExample" */;
			compatibilityVersion = "Xcode 3.2";
			developmentRegion = English;
			hasScannedForEncodings = 0;
			knownRegions = (
				en,
				Base,
			);
			mainGroup = D31FE03E1C868D9400901072;
			productRefGroup = D31FE0481C868D9400901072 /* Products */;
			projectDirPath = "";
			projectRoot = "";
			targets = (
				D31FE0461C868D9400901072 /* AMRAudioSwiftExample */,
			);
		};
/* End PBXProject section */

/* Begin PBXResourcesBuildPhase section */
		D31FE0451C868D9400901072 /* Resources */ = {
			isa = PBXResourcesBuildPhase;
			buildActionMask = 2147483647;
			files = (
				D31FE0521C868D9400901072 /* Assets.xcassets in Resources */,
				D3C32B861D6C6147001031FA /* VoiceCell.xib in Resources */,
				D31FE0501C868D9400901072 /* Main.storyboard in Resources */,
			);
			runOnlyForDeploymentPostprocessing = 0;
		};
/* End PBXResourcesBuildPhase section */

/* Begin PBXSourcesBuildPhase section */
		D31FE0431C868D9400901072 /* Sources */ = {
			isa = PBXSourcesBuildPhase;
			buildActionMask = 2147483647;
			files = (
				D3C32B851D6C6147001031FA /* VoiceCell.swift in Sources */,
				D31FE04D1C868D9400901072 /* ExampleViewController.swift in Sources */,
				D31FE04B1C868D9400901072 /* AppDelegate.swift in Sources */,
			);
			runOnlyForDeploymentPostprocessing = 0;
		};
/* End PBXSourcesBuildPhase section */

/* Begin PBXVariantGroup section */
		D31FE04E1C868D9400901072 /* Main.storyboard */ = {
			isa = PBXVariantGroup;
			children = (
				D31FE04F1C868D9400901072 /* Base */,
			);
			name = Main.storyboard;
			sourceTree = "<group>";
		};
/* End PBXVariantGroup section */

/* Begin XCBuildConfiguration section */
		D31FE0571C868D9400901072 /* Debug */ = {
			isa = XCBuildConfiguration;
			buildSettings = {
				ALWAYS_SEARCH_USER_PATHS = NO;
				CLANG_CXX_LANGUAGE_STANDARD = "gnu++0x";
				CLANG_CXX_LIBRARY = "libc++";
				CLANG_ENABLE_MODULES = YES;
				CLANG_ENABLE_OBJC_ARC = YES;
				CLANG_WARN_BOOL_CONVERSION = YES;
				CLANG_WARN_CONSTANT_CONVERSION = YES;
				CLANG_WARN_DIRECT_OBJC_ISA_USAGE = YES_ERROR;
				CLANG_WARN_EMPTY_BODY = YES;
				CLANG_WARN_ENUM_CONVERSION = YES;
				CLANG_WARN_INT_CONVERSION = YES;
				CLANG_WARN_OBJC_ROOT_CLASS = YES_ERROR;
				CLANG_WARN_UNREACHABLE_CODE = YES;
				CLANG_WARN__DUPLICATE_METHOD_MATCH = YES;
				"CODE_SIGN_IDENTITY[sdk=iphoneos*]" = "iPhone Developer";
				COPY_PHASE_STRIP = NO;
				DEBUG_INFORMATION_FORMAT = dwarf;
				ENABLE_STRICT_OBJC_MSGSEND = YES;
				ENABLE_TESTABILITY = YES;
				GCC_C_LANGUAGE_STANDARD = gnu99;
				GCC_DYNAMIC_NO_PIC = NO;
				GCC_NO_COMMON_BLOCKS = YES;
				GCC_OPTIMIZATION_LEVEL = 0;
				GCC_PREPROCESSOR_DEFINITIONS = (
					"DEBUG=1",
					"$(inherited)",
				);
				GCC_WARN_64_TO_32_BIT_CONVERSION = YES;
				GCC_WARN_ABOUT_RETURN_TYPE = YES_ERROR;
				GCC_WARN_UNDECLARED_SELECTOR = YES;
				GCC_WARN_UNINITIALIZED_AUTOS = YES_AGGRESSIVE;
				GCC_WARN_UNUSED_FUNCTION = YES;
				GCC_WARN_UNUSED_VARIABLE = YES;
				IPHONEOS_DEPLOYMENT_TARGET = 8.0;
				MTL_ENABLE_DEBUG_INFO = YES;
				ONLY_ACTIVE_ARCH = YES;
				SDKROOT = iphoneos;
				SWIFT_OPTIMIZATION_LEVEL = "-Onone";
				TARGETED_DEVICE_FAMILY = "1,2";
			};
			name = Debug;
		};
		D31FE0581C868D9400901072 /* Release */ = {
			isa = XCBuildConfiguration;
			buildSettings = {
				ALWAYS_SEARCH_USER_PATHS = NO;
				CLANG_CXX_LANGUAGE_STANDARD = "gnu++0x";
				CLANG_CXX_LIBRARY = "libc++";
				CLANG_ENABLE_MODULES = YES;
				CLANG_ENABLE_OBJC_ARC = YES;
				CLANG_WARN_BOOL_CONVERSION = YES;
				CLANG_WARN_CONSTANT_CONVERSION = YES;
				CLANG_WARN_DIRECT_OBJC_ISA_USAGE = YES_ERROR;
				CLANG_WARN_EMPTY_BODY = YES;
				CLANG_WARN_ENUM_CONVERSION = YES;
				CLANG_WARN_INT_CONVERSION = YES;
				CLANG_WARN_OBJC_ROOT_CLASS = YES_ERROR;
				CLANG_WARN_UNREACHABLE_CODE = YES;
				CLANG_WARN__DUPLICATE_METHOD_MATCH = YES;
				"CODE_SIGN_IDENTITY[sdk=iphoneos*]" = "iPhone Developer";
				COPY_PHASE_STRIP = NO;
				DEBUG_INFORMATION_FORMAT = "dwarf-with-dsym";
				ENABLE_NS_ASSERTIONS = NO;
				ENABLE_STRICT_OBJC_MSGSEND = YES;
				GCC_C_LANGUAGE_STANDARD = gnu99;
				GCC_NO_COMMON_BLOCKS = YES;
				GCC_WARN_64_TO_32_BIT_CONVERSION = YES;
				GCC_WARN_ABOUT_RETURN_TYPE = YES_ERROR;
				GCC_WARN_UNDECLARED_SELECTOR = YES;
				GCC_WARN_UNINITIALIZED_AUTOS = YES_AGGRESSIVE;
				GCC_WARN_UNUSED_FUNCTION = YES;
				GCC_WARN_UNUSED_VARIABLE = YES;
				IPHONEOS_DEPLOYMENT_TARGET = 8.0;
				MTL_ENABLE_DEBUG_INFO = NO;
				SDKROOT = iphoneos;
				TARGETED_DEVICE_FAMILY = "1,2";
				VALIDATE_PRODUCT = YES;
			};
			name = Release;
		};
		D31FE05A1C868D9400901072 /* Debug */ = {
			isa = XCBuildConfiguration;
			buildSettings = {
				ASSETCATALOG_COMPILER_APPICON_NAME = AppIcon;
				ENABLE_BITCODE = YES;
				INFOPLIST_FILE = "$(SRCROOT)/AMRAudioSwiftExample/Info.plist";
				LD_RUNPATH_SEARCH_PATHS = "$(inherited) @executable_path/Frameworks";
				PRODUCT_BUNDLE_IDENTIFIER = Teambition.AMRAudioSwiftExample;
				PRODUCT_NAME = AMRAudioSwiftExample;
			};
			name = Debug;
		};
		D31FE05B1C868D9400901072 /* Release */ = {
			isa = XCBuildConfiguration;
			buildSettings = {
				ASSETCATALOG_COMPILER_APPICON_NAME = AppIcon;
				ENABLE_BITCODE = YES;
				INFOPLIST_FILE = "$(SRCROOT)/AMRAudioSwiftExample/Info.plist";
				LD_RUNPATH_SEARCH_PATHS = "$(inherited) @executable_path/Frameworks";
				PRODUCT_BUNDLE_IDENTIFIER = Teambition.AMRAudioSwiftExample;
				PRODUCT_NAME = AMRAudioSwiftExample;
			};
			name = Release;
		};
/* End XCBuildConfiguration section */

/* Begin XCConfigurationList section */
		D31FE0421C868D9400901072 /* Build configuration list for PBXProject "AMRAudioSwiftExample" */ = {
			isa = XCConfigurationList;
			buildConfigurations = (
				D31FE0571C868D9400901072 /* Debug */,
				D31FE0581C868D9400901072 /* Release */,
			);
			defaultConfigurationIsVisible = 0;
			defaultConfigurationName = Release;
		};
		D31FE0591C868D9400901072 /* Build configuration list for PBXNativeTarget "AMRAudioSwiftExample" */ = {
			isa = XCConfigurationList;
			buildConfigurations = (
				D31FE05A1C868D9400901072 /* Debug */,
				D31FE05B1C868D9400901072 /* Release */,
			);
			defaultConfigurationIsVisible = 0;
			defaultConfigurationName = Release;
		};
/* End XCConfigurationList section */
	};
	rootObject = D31FE03F1C868D9400901072 /* Project object */;
}
